// !$*UTF8*$!
{
	archiveVersion = 1;
	classes = {
	};
	objectVersion = 50;
	objects = {

/* Begin PBXBuildFile section */
		DE94742525D6511300DEB2A1 /* AppDelegate.swift in Sources */ = {isa = PBXBuildFile; fileRef = DE94742425D6511300DEB2A1 /* AppDelegate.swift */; };
		DE94742725D6511300DEB2A1 /* SceneDelegate.swift in Sources */ = {isa = PBXBuildFile; fileRef = DE94742625D6511300DEB2A1 /* SceneDelegate.swift */; };
		DE94742925D6511300DEB2A1 /* ViewController.swift in Sources */ = {isa = PBXBuildFile; fileRef = DE94742825D6511300DEB2A1 /* ViewController.swift */; };
		DE94742C25D6511300DEB2A1 /* Main.storyboard in Resources */ = {isa = PBXBuildFile; fileRef = DE94742A25D6511300DEB2A1 /* Main.storyboard */; };
		DE94742E25D6511700DEB2A1 /* Assets.xcassets in Resources */ = {isa = PBXBuildFile; fileRef = DE94742D25D6511700DEB2A1 /* Assets.xcassets */; };
		DE94743125D6511700DEB2A1 /* LaunchScreen.storyboard in Resources */ = {isa = PBXBuildFile; fileRef = DE94742F25D6511700DEB2A1 /* LaunchScreen.storyboard */; };
		DE94743C25D6511700DEB2A1 /* flixTests.swift in Sources */ = {isa = PBXBuildFile; fileRef = DE94743B25D6511700DEB2A1 /* flixTests.swift */; };
		DE94744725D6511700DEB2A1 /* flixUITests.swift in Sources */ = {isa = PBXBuildFile; fileRef = DE94744625D6511700DEB2A1 /* flixUITests.swift */; };
/* End PBXBuildFile section */

/* Begin PBXContainerItemProxy section */
		DE94743825D6511700DEB2A1 /* PBXContainerItemProxy */ = {
			isa = PBXContainerItemProxy;
			containerPortal = DE94741925D6511300DEB2A1 /* Project object */;
			proxyType = 1;
			remoteGlobalIDString = DE94742025D6511300DEB2A1;
			remoteInfo = flix;
		};
		DE94744325D6511700DEB2A1 /* PBXContainerItemProxy */ = {
			isa = PBXContainerItemProxy;
			containerPortal = DE94741925D6511300DEB2A1 /* Project object */;
			proxyType = 1;
			remoteGlobalIDString = DE94742025D6511300DEB2A1;
			remoteInfo = flix;
		};
/* End PBXContainerItemProxy section */

/* Begin PBXFileReference section */
		DE94742125D6511300DEB2A1 /* flix.app */ = {isa = PBXFileReference; explicitFileType = wrapper.application; includeInIndex = 0; path = flix.app; sourceTree = BUILT_PRODUCTS_DIR; };
		DE94742425D6511300DEB2A1 /* AppDelegate.swift */ = {isa = PBXFileReference; lastKnownFileType = sourcecode.swift; path = AppDelegate.swift; sourceTree = "<group>"; };
		DE94742625D6511300DEB2A1 /* SceneDelegate.swift */ = {isa = PBXFileReference; lastKnownFileType = sourcecode.swift; path = SceneDelegate.swift; sourceTree = "<group>"; };
		DE94742825D6511300DEB2A1 /* ViewController.swift */ = {isa = PBXFileReference; lastKnownFileType = sourcecode.swift; path = ViewController.swift; sourceTree = "<group>"; };
		DE94742B25D6511300DEB2A1 /* Base */ = {isa = PBXFileReference; lastKnownFileType = file.storyboard; name = Base; path = Base.lproj/Main.storyboard; sourceTree = "<group>"; };
		DE94742D25D6511700DEB2A1 /* Assets.xcassets */ = {isa = PBXFileReference; lastKnownFileType = folder.assetcatalog; path = Assets.xcassets; sourceTree = "<group>"; };
		DE94743025D6511700DEB2A1 /* Base */ = {isa = PBXFileReference; lastKnownFileType = file.storyboard; name = Base; path = Base.lproj/LaunchScreen.storyboard; sourceTree = "<group>"; };
		DE94743225D6511700DEB2A1 /* Info.plist */ = {isa = PBXFileReference; lastKnownFileType = text.plist.xml; path = Info.plist; sourceTree = "<group>"; };
		DE94743725D6511700DEB2A1 /* flixTests.xctest */ = {isa = PBXFileReference; explicitFileType = wrapper.cfbundle; includeInIndex = 0; path = flixTests.xctest; sourceTree = BUILT_PRODUCTS_DIR; };
		DE94743B25D6511700DEB2A1 /* flixTests.swift */ = {isa = PBXFileReference; lastKnownFileType = sourcecode.swift; path = flixTests.swift; sourceTree = "<group>"; };
		DE94743D25D6511700DEB2A1 /* Info.plist */ = {isa = PBXFileReference; lastKnownFileType = text.plist.xml; path = Info.plist; sourceTree = "<group>"; };
		DE94744225D6511700DEB2A1 /* flixUITests.xctest */ = {isa = PBXFileReference; explicitFileType = wrapper.cfbundle; includeInIndex = 0; path = flixUITests.xctest; sourceTree = BUILT_PRODUCTS_DIR; };
		DE94744625D6511700DEB2A1 /* flixUITests.swift */ = {isa = PBXFileReference; lastKnownFileType = sourcecode.swift; path = flixUITests.swift; sourceTree = "<group>"; };
		DE94744825D6511700DEB2A1 /* Info.plist */ = {isa = PBXFileReference; lastKnownFileType = text.plist.xml; path = Info.plist; sourceTree = "<group>"; };
/* End PBXFileReference section */

/* Begin PBXFrameworksBuildPhase section */
		DE94741E25D6511300DEB2A1 /* Frameworks */ = {
			isa = PBXFrameworksBuildPhase;
			buildActionMask = 2147483647;
			files = (
			);
			runOnlyForDeploymentPostprocessing = 0;
		};
		DE94743425D6511700DEB2A1 /* Frameworks */ = {
			isa = PBXFrameworksBuildPhase;
			buildActionMask = 2147483647;
			files = (
			);
			runOnlyForDeploymentPostprocessing = 0;
		};
		DE94743F25D6511700DEB2A1 /* Frameworks */ = {
			isa = PBXFrameworksBuildPhase;
			buildActionMask = 2147483647;
			files = (
			);
			runOnlyForDeploymentPostprocessing = 0;
		};
/* End PBXFrameworksBuildPhase section */

/* Begin PBXGroup section */
		DE94741825D6511300DEB2A1 = {
			isa = PBXGroup;
			children = (
				DE94742325D6511300DEB2A1 /* flix */,
				DE94743A25D6511700DEB2A1 /* flixTests */,
				DE94744525D6511700DEB2A1 /* flixUITests */,
				DE94742225D6511300DEB2A1 /* Products */,
			);
			sourceTree = "<group>";
		};
		DE94742225D6511300DEB2A1 /* Products */ = {
			isa = PBXGroup;
			children = (
				DE94742125D6511300DEB2A1 /* flix.app */,
				DE94743725D6511700DEB2A1 /* flixTests.xctest */,
				DE94744225D6511700DEB2A1 /* flixUITests.xctest */,
			);
			name = Products;
			sourceTree = "<group>";
		};
		DE94742325D6511300DEB2A1 /* flix */ = {
			isa = PBXGroup;
			children = (
				DE94742425D6511300DEB2A1 /* AppDelegate.swift */,
				DE94742625D6511300DEB2A1 /* SceneDelegate.swift */,
				DE94742825D6511300DEB2A1 /* ViewController.swift */,
				DE94742A25D6511300DEB2A1 /* Main.storyboard */,
				DE94742D25D6511700DEB2A1 /* Assets.xcassets */,
				DE94742F25D6511700DEB2A1 /* LaunchScreen.storyboard */,
				DE94743225D6511700DEB2A1 /* Info.plist */,
			);
			path = flix;
			sourceTree = "<group>";
		};
		DE94743A25D6511700DEB2A1 /* flixTests */ = {
			isa = PBXGroup;
			children = (
				DE94743B25D6511700DEB2A1 /* flixTests.swift */,
				DE94743D25D6511700DEB2A1 /* Info.plist */,
			);
			path = flixTests;
			sourceTree = "<group>";
		};
		DE94744525D6511700DEB2A1 /* flixUITests */ = {
			isa = PBXGroup;
			children = (
				DE94744625D6511700DEB2A1 /* flixUITests.swift */,
				DE94744825D6511700DEB2A1 /* Info.plist */,
			);
			path = flixUITests;
			sourceTree = "<group>";
		};
/* End PBXGroup section */

/* Begin PBXNativeTarget section */
		DE94742025D6511300DEB2A1 /* flix */ = {
			isa = PBXNativeTarget;
			buildConfigurationList = DE94744B25D6511700DEB2A1 /* Build configuration list for PBXNativeTarget "flix" */;
			buildPhases = (
				DE94741D25D6511300DEB2A1 /* Sources */,
				DE94741E25D6511300DEB2A1 /* Frameworks */,
				DE94741F25D6511300DEB2A1 /* Resources */,
			);
			buildRules = (
			);
			dependencies = (
			);
			name = flix;
			productName = flix;
			productReference = DE94742125D6511300DEB2A1 /* flix.app */;
			productType = "com.apple.product-type.application";
		};
		DE94743625D6511700DEB2A1 /* flixTests */ = {
			isa = PBXNativeTarget;
			buildConfigurationList = DE94744E25D6511700DEB2A1 /* Build configuration list for PBXNativeTarget "flixTests" */;
			buildPhases = (
				DE94743325D6511700DEB2A1 /* Sources */,
				DE94743425D6511700DEB2A1 /* Frameworks */,
				DE94743525D6511700DEB2A1 /* Resources */,
			);
			buildRules = (
			);
			dependencies = (
				DE94743925D6511700DEB2A1 /* PBXTargetDependency */,
			);
			name = flixTests;
			productName = flixTests;
			productReference = DE94743725D6511700DEB2A1 /* flixTests.xctest */;
			productType = "com.apple.product-type.bundle.unit-test";
		};
		DE94744125D6511700DEB2A1 /* flixUITests */ = {
			isa = PBXNativeTarget;
			buildConfigurationList = DE94745125D6511700DEB2A1 /* Build configuration list for PBXNativeTarget "flixUITests" */;
			buildPhases = (
				DE94743E25D6511700DEB2A1 /* Sources */,
				DE94743F25D6511700DEB2A1 /* Frameworks */,
				DE94744025D6511700DEB2A1 /* Resources */,
			);
			buildRules = (
			);
			dependencies = (
				DE94744425D6511700DEB2A1 /* PBXTargetDependency */,
			);
			name = flixUITests;
			productName = flixUITests;
			productReference = DE94744225D6511700DEB2A1 /* flixUITests.xctest */;
			productType = "com.apple.product-type.bundle.ui-testing";
		};
/* End PBXNativeTarget section */

/* Begin PBXProject section */
		DE94741925D6511300DEB2A1 /* Project object */ = {
			isa = PBXProject;
			attributes = {
				LastSwiftUpdateCheck = 1170;
				LastUpgradeCheck = 1170;
				ORGANIZATIONNAME = CodePath;
				TargetAttributes = {
					DE94742025D6511300DEB2A1 = {
						CreatedOnToolsVersion = 11.7;
					};
					DE94743625D6511700DEB2A1 = {
						CreatedOnToolsVersion = 11.7;
						TestTargetID = DE94742025D6511300DEB2A1;
					};
					DE94744125D6511700DEB2A1 = {
						CreatedOnToolsVersion = 11.7;
						TestTargetID = DE94742025D6511300DEB2A1;
					};
				};
			};
			buildConfigurationList = DE94741C25D6511300DEB2A1 /* Build configuration list for PBXProject "flix" */;
			compatibilityVersion = "Xcode 9.3";
			developmentRegion = en;
			hasScannedForEncodings = 0;
			knownRegions = (
				en,
				Base,
			);
			mainGroup = DE94741825D6511300DEB2A1;
			productRefGroup = DE94742225D6511300DEB2A1 /* Products */;
			projectDirPath = "";
			projectRoot = "";
			targets = (
				DE94742025D6511300DEB2A1 /* flix */,
				DE94743625D6511700DEB2A1 /* flixTests */,
				DE94744125D6511700DEB2A1 /* flixUITests */,
			);
		};
/* End PBXProject section */

/* Begin PBXResourcesBuildPhase section */
		DE94741F25D6511300DEB2A1 /* Resources */ = {
			isa = PBXResourcesBuildPhase;
			buildActionMask = 2147483647;
			files = (
				DE94743125D6511700DEB2A1 /* LaunchScreen.storyboard in Resources */,
				DE94742E25D6511700DEB2A1 /* Assets.xcassets in Resources */,
				DE94742C25D6511300DEB2A1 /* Main.storyboard in Resources */,
			);
			runOnlyForDeploymentPostprocessing = 0;
		};
		DE94743525D6511700DEB2A1 /* Resources */ = {
			isa = PBXResourcesBuildPhase;
			buildActionMask = 2147483647;
			files = (
			);
			runOnlyForDeploymentPostprocessing = 0;
		};
		DE94744025D6511700DEB2A1 /* Resources */ = {
			isa = PBXResourcesBuildPhase;
			buildActionMask = 2147483647;
			files = (
			);
			runOnlyForDeploymentPostprocessing = 0;
		};
/* End PBXResourcesBuildPhase section */

/* Begin PBXSourcesBuildPhase section */
		DE94741D25D6511300DEB2A1 /* Sources */ = {
			isa = PBXSourcesBuildPhase;
			buildActionMask = 2147483647;
			files = (
				DE94742925D6511300DEB2A1 /* ViewController.swift in Sources */,
				DE94742525D6511300DEB2A1 /* AppDelegate.swift in Sources */,
				DE94742725D6511300DEB2A1 /* SceneDelegate.swift in Sources */,
			);
			runOnlyForDeploymentPostprocessing = 0;
		};
		DE94743325D6511700DEB2A1 /* Sources */ = {
			isa = PBXSourcesBuildPhase;
			buildActionMask = 2147483647;
			files = (
				DE94743C25D6511700DEB2A1 /* flixTests.swift in Sources */,
			);
			runOnlyForDeploymentPostprocessing = 0;
		};
		DE94743E25D6511700DEB2A1 /* Sources */ = {
			isa = PBXSourcesBuildPhase;
			buildActionMask = 2147483647;
			files = (
				DE94744725D6511700DEB2A1 /* flixUITests.swift in Sources */,
			);
			runOnlyForDeploymentPostprocessing = 0;
		};
/* End PBXSourcesBuildPhase section */

/* Begin PBXTargetDependency section */
		DE94743925D6511700DEB2A1 /* PBXTargetDependency */ = {
			isa = PBXTargetDependency;
			target = DE94742025D6511300DEB2A1 /* flix */;
			targetProxy = DE94743825D6511700DEB2A1 /* PBXContainerItemProxy */;
		};
		DE94744425D6511700DEB2A1 /* PBXTargetDependency */ = {
			isa = PBXTargetDependency;
			target = DE94742025D6511300DEB2A1 /* flix */;
			targetProxy = DE94744325D6511700DEB2A1 /* PBXContainerItemProxy */;
		};
/* End PBXTargetDependency section */

/* Begin PBXVariantGroup section */
		DE94742A25D6511300DEB2A1 /* Main.storyboard */ = {
			isa = PBXVariantGroup;
			children = (
				DE94742B25D6511300DEB2A1 /* Base */,
			);
			name = Main.storyboard;
			sourceTree = "<group>";
		};
		DE94742F25D6511700DEB2A1 /* LaunchScreen.storyboard */ = {
			isa = PBXVariantGroup;
			children = (
				DE94743025D6511700DEB2A1 /* Base */,
			);
			name = LaunchScreen.storyboard;
			sourceTree = "<group>";
		};
/* End PBXVariantGroup section */

/* Begin XCBuildConfiguration section */
		DE94744925D6511700DEB2A1 /* Debug */ = {
			isa = XCBuildConfiguration;
			buildSettings = {
				ALWAYS_SEARCH_USER_PATHS = NO;
				CLANG_ANALYZER_NONNULL = YES;
				CLANG_ANALYZER_NUMBER_OBJECT_CONVERSION = YES_AGGRESSIVE;
				CLANG_CXX_LANGUAGE_STANDARD = "gnu++14";
				CLANG_CXX_LIBRARY = "libc++";
				CLANG_ENABLE_MODULES = YES;
				CLANG_ENABLE_OBJC_ARC = YES;
				CLANG_ENABLE_OBJC_WEAK = YES;
				CLANG_WARN_BLOCK_CAPTURE_AUTORELEASING = YES;
				CLANG_WARN_BOOL_CONVERSION = YES;
				CLANG_WARN_COMMA = YES;
				CLANG_WARN_CONSTANT_CONVERSION = YES;
				CLANG_WARN_DEPRECATED_OBJC_IMPLEMENTATIONS = YES;
				CLANG_WARN_DIRECT_OBJC_ISA_USAGE = YES_ERROR;
				CLANG_WARN_DOCUMENTATION_COMMENTS = YES;
				CLANG_WARN_EMPTY_BODY = YES;
				CLANG_WARN_ENUM_CONVERSION = YES;
				CLANG_WARN_INFINITE_RECURSION = YES;
				CLANG_WARN_INT_CONVERSION = YES;
				CLANG_WARN_NON_LITERAL_NULL_CONVERSION = YES;
				CLANG_WARN_OBJC_IMPLICIT_RETAIN_SELF = YES;
				CLANG_WARN_OBJC_LITERAL_CONVERSION = YES;
				CLANG_WARN_OBJC_ROOT_CLASS = YES_ERROR;
				CLANG_WARN_RANGE_LOOP_ANALYSIS = YES;
				CLANG_WARN_STRICT_PROTOTYPES = YES;
				CLANG_WARN_SUSPICIOUS_MOVE = YES;
				CLANG_WARN_UNGUARDED_AVAILABILITY = YES_AGGRESSIVE;
				CLANG_WARN_UNREACHABLE_CODE = YES;
				CLANG_WARN__DUPLICATE_METHOD_MATCH = YES;
				COPY_PHASE_STRIP = NO;
				DEBUG_INFORMATION_FORMAT = dwarf;
				ENABLE_STRICT_OBJC_MSGSEND = YES;
				ENABLE_TESTABILITY = YES;
				GCC_C_LANGUAGE_STANDARD = gnu11;
				GCC_DYNAMIC_NO_PIC = NO;
				GCC_NO_COMMON_BLOCKS = YES;
				GCC_OPTIMIZATION_LEVEL = 0;
				GCC_PREPROCESSOR_DEFINITIONS = (
					"DEBUG=1",
					"$(inherited)",
				);
				GCC_WARN_64_TO_32_BIT_CONVERSION = YES;
				GCC_WARN_ABOUT_RETURN_TYPE = YES_ERROR;
				GCC_WARN_UNDECLARED_SELECTOR = YES;
				GCC_WARN_UNINITIALIZED_AUTOS = YES_AGGRESSIVE;
				GCC_WARN_UNUSED_FUNCTION = YES;
				GCC_WARN_UNUSED_VARIABLE = YES;
				IPHONEOS_DEPLOYMENT_TARGET = 13.7;
				MTL_ENABLE_DEBUG_INFO = INCLUDE_SOURCE;
				MTL_FAST_MATH = YES;
				ONLY_ACTIVE_ARCH = YES;
				SDKROOT = iphoneos;
				SWIFT_ACTIVE_COMPILATION_CONDITIONS = DEBUG;
				SWIFT_OPTIMIZATION_LEVEL = "-Onone";
			};
			name = Debug;
		};
		DE94744A25D6511700DEB2A1 /* Release */ = {
			isa = XCBuildConfiguration;
			buildSettings = {
				ALWAYS_SEARCH_USER_PATHS = NO;
				CLANG_ANALYZER_NONNULL = YES;
				CLANG_ANALYZER_NUMBER_OBJECT_CONVERSION = YES_AGGRESSIVE;
				CLANG_CXX_LANGUAGE_STANDARD = "gnu++14";
				CLANG_CXX_LIBRARY = "libc++";
				CLANG_ENABLE_MODULES = YES;
				CLANG_ENABLE_OBJC_ARC = YES;
				CLANG_ENABLE_OBJC_WEAK = YES;
				CLANG_WARN_BLOCK_CAPTURE_AUTORELEASING = YES;
				CLANG_WARN_BOOL_CONVERSION = YES;
				CLANG_WARN_COMMA = YES;
				CLANG_WARN_CONSTANT_CONVERSION = YES;
				CLANG_WARN_DEPRECATED_OBJC_IMPLEMENTATIONS = YES;
				CLANG_WARN_DIRECT_OBJC_ISA_USAGE = YES_ERROR;
				CLANG_WARN_DOCUMENTATION_COMMENTS = YES;
				CLANG_WARN_EMPTY_BODY = YES;
				CLANG_WARN_ENUM_CONVERSION = YES;
				CLANG_WARN_INFINITE_RECURSION = YES;
				CLANG_WARN_INT_CONVERSION = YES;
				CLANG_WARN_NON_LITERAL_NULL_CONVERSION = YES;
				CLANG_WARN_OBJC_IMPLICIT_RETAIN_SELF = YES;
				CLANG_WARN_OBJC_LITERAL_CONVERSION = YES;
				CLANG_WARN_OBJC_ROOT_CLASS = YES_ERROR;
				CLANG_WARN_RANGE_LOOP_ANALYSIS = YES;
				CLANG_WARN_STRICT_PROTOTYPES = YES;
				CLANG_WARN_SUSPICIOUS_MOVE = YES;
				CLANG_WARN_UNGUARDED_AVAILABILITY = YES_AGGRESSIVE;
				CLANG_WARN_UNREACHABLE_CODE = YES;
				CLANG_WARN__DUPLICATE_METHOD_MATCH = YES;
				COPY_PHASE_STRIP = NO;
				DEBUG_INFORMATION_FORMAT = "dwarf-with-dsym";
				ENABLE_NS_ASSERTIONS = NO;
				ENABLE_STRICT_OBJC_MSGSEND = YES;
				GCC_C_LANGUAGE_STANDARD = gnu11;
				GCC_NO_COMMON_BLOCKS = YES;
				GCC_WARN_64_TO_32_BIT_CONVERSION = YES;
				GCC_WARN_ABOUT_RETURN_TYPE = YES_ERROR;
				GCC_WARN_UNDECLARED_SELECTOR = YES;
				GCC_WARN_UNINITIALIZED_AUTOS = YES_AGGRESSIVE;
				GCC_WARN_UNUSED_FUNCTION = YES;
				GCC_WARN_UNUSED_VARIABLE = YES;
				IPHONEOS_DEPLOYMENT_TARGET = 13.7;
				MTL_ENABLE_DEBUG_INFO = NO;
				MTL_FAST_MATH = YES;
				SDKROOT = iphoneos;
				SWIFT_COMPILATION_MODE = wholemodule;
				SWIFT_OPTIMIZATION_LEVEL = "-O";
				VALIDATE_PRODUCT = YES;
			};
			name = Release;
		};
		DE94744C25D6511700DEB2A1 /* Debug */ = {
			isa = XCBuildConfiguration;
			buildSettings = {
				ASSETCATALOG_COMPILER_APPICON_NAME = AppIcon;
				CODE_SIGN_STYLE = Automatic;
				INFOPLIST_FILE = flix/Info.plist;
				LD_RUNPATH_SEARCH_PATHS = (
					"$(inherited)",
					"@executable_path/Frameworks",
				);
				PRODUCT_BUNDLE_IDENTIFIER = CodePath.flix;
				PRODUCT_NAME = "$(TARGET_NAME)";
				SWIFT_VERSION = 5.0;
				TARGETED_DEVICE_FAMILY = "1,2";
			};
			name = Debug;
		};
		DE94744D25D6511700DEB2A1 /* Release */ = {
			isa = XCBuildConfiguration;
			buildSettings = {
				ASSETCATALOG_COMPILER_APPICON_NAME = AppIcon;
				CODE_SIGN_STYLE = Automatic;
				INFOPLIST_FILE = flix/Info.plist;
				LD_RUNPATH_SEARCH_PATHS = (
					"$(inherited)",
					"@executable_path/Frameworks",
				);
				PRODUCT_BUNDLE_IDENTIFIER = CodePath.flix;
				PRODUCT_NAME = "$(TARGET_NAME)";
				SWIFT_VERSION = 5.0;
				TARGETED_DEVICE_FAMILY = "1,2";
			};
			name = Release;
		};
		DE94744F25D6511700DEB2A1 /* Debug */ = {
			isa = XCBuildConfiguration;
			buildSettings = {
				ALWAYS_EMBED_SWIFT_STANDARD_LIBRARIES = YES;
				BUNDLE_LOADER = "$(TEST_HOST)";
				CODE_SIGN_STYLE = Automatic;
				INFOPLIST_FILE = flixTests/Info.plist;
				IPHONEOS_DEPLOYMENT_TARGET = 13.7;
				LD_RUNPATH_SEARCH_PATHS = (
					"$(inherited)",
					"@executable_path/Frameworks",
					"@loader_path/Frameworks",
				);
				PRODUCT_BUNDLE_IDENTIFIER = CodePath.flixTests;
				PRODUCT_NAME = "$(TARGET_NAME)";
				SWIFT_VERSION = 5.0;
				TARGETED_DEVICE_FAMILY = "1,2";
				TEST_HOST = "$(BUILT_PRODUCTS_DIR)/flix.app/flix";
			};
			name = Debug;
		};
		DE94745025D6511700DEB2A1 /* Release */ = {
			isa = XCBuildConfiguration;
			buildSettings = {
				ALWAYS_EMBED_SWIFT_STANDARD_LIBRARIES = YES;
				BUNDLE_LOADER = "$(TEST_HOST)";
				CODE_SIGN_STYLE = Automatic;
				INFOPLIST_FILE = flixTests/Info.plist;
				IPHONEOS_DEPLOYMENT_TARGET = 13.7;
				LD_RUNPATH_SEARCH_PATHS = (
					"$(inherited)",
					"@executable_path/Frameworks",
					"@loader_path/Frameworks",
				);
				PRODUCT_BUNDLE_IDENTIFIER = CodePath.flixTests;
				PRODUCT_NAME = "$(TARGET_NAME)";
				SWIFT_VERSION = 5.0;
				TARGETED_DEVICE_FAMILY = "1,2";
				TEST_HOST = "$(BUILT_PRODUCTS_DIR)/flix.app/flix";
			};
			name = Release;
		};
		DE94745225D6511700DEB2A1 /* Debug */ = {
			isa = XCBuildConfiguration;
			buildSettings = {
				ALWAYS_EMBED_SWIFT_STANDARD_LIBRARIES = YES;
				CODE_SIGN_STYLE = Automatic;
				INFOPLIST_FILE = flixUITests/Info.plist;
				LD_RUNPATH_SEARCH_PATHS = (
					"$(inherited)",
					"@executable_path/Frameworks",
					"@loader_path/Frameworks",
				);
				PRODUCT_BUNDLE_IDENTIFIER = CodePath.flixUITests;
				PRODUCT_NAME = "$(TARGET_NAME)";
				SWIFT_VERSION = 5.0;
				TARGETED_DEVICE_FAMILY = "1,2";
				TEST_TARGET_NAME = flix;
			};
			name = Debug;
		};
		DE94745325D6511700DEB2A1 /* Release */ = {
			isa = XCBuildConfiguration;
			buildSettings = {
				ALWAYS_EMBED_SWIFT_STANDARD_LIBRARIES = YES;
				CODE_SIGN_STYLE = Automatic;
				INFOPLIST_FILE = flixUITests/Info.plist;
				LD_RUNPATH_SEARCH_PATHS = (
					"$(inherited)",
					"@executable_path/Frameworks",
					"@loader_path/Frameworks",
				);
				PRODUCT_BUNDLE_IDENTIFIER = CodePath.flixUITests;
				PRODUCT_NAME = "$(TARGET_NAME)";
				SWIFT_VERSION = 5.0;
				TARGETED_DEVICE_FAMILY = "1,2";
				TEST_TARGET_NAME = flix;
			};
			name = Release;
		};
/* End XCBuildConfiguration section */

/* Begin XCConfigurationList section */
		DE94741C25D6511300DEB2A1 /* Build configuration list for PBXProject "flix" */ = {
			isa = XCConfigurationList;
			buildConfigurations = (
				DE94744925D6511700DEB2A1 /* Debug */,
				DE94744A25D6511700DEB2A1 /* Release */,
			);
			defaultConfigurationIsVisible = 0;
			defaultConfigurationName = Release;
		};
		DE94744B25D6511700DEB2A1 /* Build configuration list for PBXNativeTarget "flix" */ = {
			isa = XCConfigurationList;
			buildConfigurations = (
				DE94744C25D6511700DEB2A1 /* Debug */,
				DE94744D25D6511700DEB2A1 /* Release */,
			);
			defaultConfigurationIsVisible = 0;
			defaultConfigurationName = Release;
		};
		DE94744E25D6511700DEB2A1 /* Build configuration list for PBXNativeTarget "flixTests" */ = {
			isa = XCConfigurationList;
			buildConfigurations = (
				DE94744F25D6511700DEB2A1 /* Debug */,
				DE94745025D6511700DEB2A1 /* Release */,
			);
			defaultConfigurationIsVisible = 0;
			defaultConfigurationName = Release;
		};
		DE94745125D6511700DEB2A1 /* Build configuration list for PBXNativeTarget "flixUITests" */ = {
			isa = XCConfigurationList;
			buildConfigurations = (
				DE94745225D6511700DEB2A1 /* Debug */,
				DE94745325D6511700DEB2A1 /* Release */,
			);
			defaultConfigurationIsVisible = 0;
			defaultConfigurationName = Release;
		};
/* End XCConfigurationList section */
	};
	rootObject = DE94741925D6511300DEB2A1 /* Project object */;
}
